
Microsoft Visual Studio Solution File, Format Version 12.00
# Visual Studio Version 16
VisualStudioVersion = 16.0.31005.135
MinimumVisualStudioVersion = 10.0.40219.1
Project("{9A19103F-16F7-4668-BE54-9A1E7A4F7556}") = "Login", "Login\Login.csproj", "{B5E4AED5-141B-47EE-835A-DA1A7BD61EBC}"
EndProject
Global
	GlobalSection(SolutionConfigurationPlatforms) = preSolution
		Debug|Any CPU = Debug|Any CPU
		Release|Any CPU = Release|Any CPU
	EndGlobalSection
	GlobalSection(ProjectConfigurationPlatforms) = postSolution
		{B5E4AED5-141B-47EE-835A-DA1A7BD61EBC}.Debug|Any CPU.ActiveCfg = Debug|Any CPU
		{B5E4AED5-141B-47EE-835A-DA1A7BD61EBC}.Debug|Any CPU.Build.0 = Debug|Any CPU
		{B5E4AED5-141B-47EE-835A-DA1A7BD61EBC}.Release|Any CPU.ActiveCfg = Release|Any CPU
		{B5E4AED5-141B-47EE-835A-DA1A7BD61EBC}.Release|Any CPU.Build.0 = Release|Any CPU
	EndGlobalSection
	GlobalSection(SolutionProperties) = preSolution
		HideSolutionNode = FALSE
	EndGlobalSection
	GlobalSection(ExtensibilityGlobals) = postSolution
		SolutionGuid = {CA52A0A2-D10C-4CB9-B2FF-18BD3D92417D}
	EndGlobalSection
EndGlobal
